
Microsoft Visual Studio Solution File, Format Version 12.00
# Visual Studio Version 17
VisualStudioVersion = 17.0.31919.166
MinimumVisualStudioVersion = 10.0.40219.1
Project("{2150E333-8FDC-42A3-9474-1A3956D46DE8}") = "Tests", "Tests", "{55534119-5BD5-48EA-B80A-AD32175B8BB0}"
EndProject
Project("{2150E333-8FDC-42A3-9474-1A3956D46DE8}") = "Presentation", "Presentation", "{4A8E8304-DF72-4CFA-A5BF-68F8709A7CAB}"
EndProject
Project("{2150E333-8FDC-42A3-9474-1A3956D46DE8}") = "Core", "Core", "{128D344D-C99B-4C72-8360-D7895E07DDB4}"
EndProject
Project("{2150E333-8FDC-42A3-9474-1A3956D46DE8}") = "Infra", "Infra", "{F03769D7-A5B8-455B-B288-C39BD714918B}"
EndProject
Project("{9A19103F-16F7-4668-BE54-9A1E7A4F7556}") = "SpendManagement.Infra.CrossCutting", "SpendManagement.Infra.IOC\SpendManagement.Infra.CrossCutting.csproj", "{6E71527E-4753-48E8-BFB9-CCF0A587B7D9}"
EndProject
Project("{9A19103F-16F7-4668-BE54-9A1E7A4F7556}") = "SpendManagement.API", "SpendManagement.API\SpendManagement.API.csproj", "{2D00A5F3-B81D-4E93-8BA9-1A17400F9A40}"
EndProject
Project("{9A19103F-16F7-4668-BE54-9A1E7A4F7556}") = "SpendManagement.Application", "SpendManagement.Application\SpendManagement.Application.csproj", "{6A989D93-9706-4750-84B4-8CD36F203304}"
EndProject
Project("{9A19103F-16F7-4668-BE54-9A1E7A4F7556}") = "SpendManagement.Client", "SpendManagement.Client\SpendManagement.Client.csproj", "{9F21EACE-AB0D-4A69-A650-41AFE6E123D7}"
EndProject
Project("{9A19103F-16F7-4668-BE54-9A1E7A4F7556}") = "SpendManagement.Integration.Tests", "..\tests\SpendManagement.Integration.Tests\SpendManagement.Integration.Tests.csproj", "{C4534A41-7BDB-43B2-AB1D-19A20923AA65}"
EndProject
Project("{9A19103F-16F7-4668-BE54-9A1E7A4F7556}") = "SpendManagement.Unit.Tests", "..\tests\SpendManagement.Unit.Tests\SpendManagement.Unit.Tests.csproj", "{09F64DA9-9FE4-44DB-A7E1-3665185DBBD7}"
EndProject
Global
	GlobalSection(SolutionConfigurationPlatforms) = preSolution
		Debug|Any CPU = Debug|Any CPU
		Release|Any CPU = Release|Any CPU
	EndGlobalSection
	GlobalSection(ProjectConfigurationPlatforms) = postSolution
		{6E71527E-4753-48E8-BFB9-CCF0A587B7D9}.Debug|Any CPU.ActiveCfg = Debug|Any CPU
		{6E71527E-4753-48E8-BFB9-CCF0A587B7D9}.Debug|Any CPU.Build.0 = Debug|Any CPU
		{6E71527E-4753-48E8-BFB9-CCF0A587B7D9}.Release|Any CPU.ActiveCfg = Release|Any CPU
		{6E71527E-4753-48E8-BFB9-CCF0A587B7D9}.Release|Any CPU.Build.0 = Release|Any CPU
		{2D00A5F3-B81D-4E93-8BA9-1A17400F9A40}.Debug|Any CPU.ActiveCfg = Debug|Any CPU
		{2D00A5F3-B81D-4E93-8BA9-1A17400F9A40}.Debug|Any CPU.Build.0 = Debug|Any CPU
		{2D00A5F3-B81D-4E93-8BA9-1A17400F9A40}.Release|Any CPU.ActiveCfg = Release|Any CPU
		{2D00A5F3-B81D-4E93-8BA9-1A17400F9A40}.Release|Any CPU.Build.0 = Release|Any CPU
		{6A989D93-9706-4750-84B4-8CD36F203304}.Debug|Any CPU.ActiveCfg = Debug|Any CPU
		{6A989D93-9706-4750-84B4-8CD36F203304}.Debug|Any CPU.Build.0 = Debug|Any CPU
		{6A989D93-9706-4750-84B4-8CD36F203304}.Release|Any CPU.ActiveCfg = Release|Any CPU
		{6A989D93-9706-4750-84B4-8CD36F203304}.Release|Any CPU.Build.0 = Release|Any CPU
		{9F21EACE-AB0D-4A69-A650-41AFE6E123D7}.Debug|Any CPU.ActiveCfg = Debug|Any CPU
		{9F21EACE-AB0D-4A69-A650-41AFE6E123D7}.Debug|Any CPU.Build.0 = Debug|Any CPU
		{9F21EACE-AB0D-4A69-A650-41AFE6E123D7}.Release|Any CPU.ActiveCfg = Release|Any CPU
		{9F21EACE-AB0D-4A69-A650-41AFE6E123D7}.Release|Any CPU.Build.0 = Release|Any CPU
		{C4534A41-7BDB-43B2-AB1D-19A20923AA65}.Debug|Any CPU.ActiveCfg = Debug|Any CPU
		{C4534A41-7BDB-43B2-AB1D-19A20923AA65}.Debug|Any CPU.Build.0 = Debug|Any CPU
		{C4534A41-7BDB-43B2-AB1D-19A20923AA65}.Release|Any CPU.ActiveCfg = Release|Any CPU
		{C4534A41-7BDB-43B2-AB1D-19A20923AA65}.Release|Any CPU.Build.0 = Release|Any CPU
		{09F64DA9-9FE4-44DB-A7E1-3665185DBBD7}.Debug|Any CPU.ActiveCfg = Debug|Any CPU
		{09F64DA9-9FE4-44DB-A7E1-3665185DBBD7}.Debug|Any CPU.Build.0 = Debug|Any CPU
		{09F64DA9-9FE4-44DB-A7E1-3665185DBBD7}.Release|Any CPU.ActiveCfg = Release|Any CPU
		{09F64DA9-9FE4-44DB-A7E1-3665185DBBD7}.Release|Any CPU.Build.0 = Release|Any CPU
	EndGlobalSection
	GlobalSection(SolutionProperties) = preSolution
		HideSolutionNode = FALSE
	EndGlobalSection
	GlobalSection(NestedProjects) = preSolution
		{6E71527E-4753-48E8-BFB9-CCF0A587B7D9} = {F03769D7-A5B8-455B-B288-C39BD714918B}
		{2D00A5F3-B81D-4E93-8BA9-1A17400F9A40} = {4A8E8304-DF72-4CFA-A5BF-68F8709A7CAB}
		{6A989D93-9706-4750-84B4-8CD36F203304} = {128D344D-C99B-4C72-8360-D7895E07DDB4}
		{9F21EACE-AB0D-4A69-A650-41AFE6E123D7} = {128D344D-C99B-4C72-8360-D7895E07DDB4}
		{C4534A41-7BDB-43B2-AB1D-19A20923AA65} = {55534119-5BD5-48EA-B80A-AD32175B8BB0}
		{09F64DA9-9FE4-44DB-A7E1-3665185DBBD7} = {55534119-5BD5-48EA-B80A-AD32175B8BB0}
	EndGlobalSection
	GlobalSection(ExtensibilityGlobals) = postSolution
		SolutionGuid = {489748C6-A362-49C7-A9E4-5F7CEFFFB6B9}
	EndGlobalSection
EndGlobal
